
Microsoft Visual Studio Solution File, Format Version 12.00
# Visual Studio Version 17
VisualStudioVersion = 17.7.34221.43
MinimumVisualStudioVersion = 10.0.40219.1
Project("{FAE04EC0-301F-11D3-BF4B-00C04F79EFBC}") = "InterviewPuzzle", "InterviewPuzzle.csproj", "{85F5572A-007F-4896-931D-B5ABF1AE6EBD}"
EndProject
Global
	GlobalSection(SolutionConfigurationPlatforms) = preSolution
		Debug|Any CPU = Debug|Any CPU
		Release|Any CPU = Release|Any CPU
	EndGlobalSection
	GlobalSection(ProjectConfigurationPlatforms) = postSolution
		{85F5572A-007F-4896-931D-B5ABF1AE6EBD}.Debug|Any CPU.ActiveCfg = Debug|Any CPU
		{85F5572A-007F-4896-931D-B5ABF1AE6EBD}.Debug|Any CPU.Build.0 = Debug|Any CPU
		{85F5572A-007F-4896-931D-B5ABF1AE6EBD}.Release|Any CPU.ActiveCfg = Release|Any CPU
		{85F5572A-007F-4896-931D-B5ABF1AE6EBD}.Release|Any CPU.Build.0 = Release|Any CPU
	EndGlobalSection
	GlobalSection(SolutionProperties) = preSolution
		HideSolutionNode = FALSE
	EndGlobalSection
	GlobalSection(ExtensibilityGlobals) = postSolution
		SolutionGuid = {AE7D8AC4-7D0C-4DB0-9325-3A1DC4A631FD}
	EndGlobalSection
EndGlobal
